// !$*UTF8*$!
{
	archiveVersion = 1;
	classes = {
	};
	objectVersion = 46;
	objects = {

/* Begin PBXBuildFile section */
		5E8412251E36FF3100732CA5 /* AppDelegate.swift in Sources */ = {isa = PBXBuildFile; fileRef = 5E8412241E36FF3100732CA5 /* AppDelegate.swift */; };
		5E8412271E36FF3100732CA5 /* MainVC.swift in Sources */ = {isa = PBXBuildFile; fileRef = 5E8412261E36FF3100732CA5 /* MainVC.swift */; };
		5E84122A1E36FF3100732CA5 /* Main.storyboard in Resources */ = {isa = PBXBuildFile; fileRef = 5E8412281E36FF3100732CA5 /* Main.storyboard */; };
		5E84122D1E36FF3100732CA5 /* DreamLister.xcdatamodeld in Sources */ = {isa = PBXBuildFile; fileRef = 5E84122B1E36FF3100732CA5 /* DreamLister.xcdatamodeld */; };
		5E84122F1E36FF3100732CA5 /* Assets.xcassets in Resources */ = {isa = PBXBuildFile; fileRef = 5E84122E1E36FF3100732CA5 /* Assets.xcassets */; };
		5E8412321E36FF3100732CA5 /* LaunchScreen.storyboard in Resources */ = {isa = PBXBuildFile; fileRef = 5E8412301E36FF3100732CA5 /* LaunchScreen.storyboard */; };
		5E8412411E3704DF00732CA5 /* Image+CoreDataClass.swift in Sources */ = {isa = PBXBuildFile; fileRef = 5E8412391E3704DF00732CA5 /* Image+CoreDataClass.swift */; };
		5E8412421E3704DF00732CA5 /* Image+CoreDataProperties.swift in Sources */ = {isa = PBXBuildFile; fileRef = 5E84123A1E3704DF00732CA5 /* Image+CoreDataProperties.swift */; };
		5E8412431E3704DF00732CA5 /* ItemType+CoreDataClass.swift in Sources */ = {isa = PBXBuildFile; fileRef = 5E84123B1E3704DF00732CA5 /* ItemType+CoreDataClass.swift */; };
		5E8412441E3704DF00732CA5 /* ItemType+CoreDataProperties.swift in Sources */ = {isa = PBXBuildFile; fileRef = 5E84123C1E3704DF00732CA5 /* ItemType+CoreDataProperties.swift */; };
		5E8412451E3704DF00732CA5 /* Item+CoreDataClass.swift in Sources */ = {isa = PBXBuildFile; fileRef = 5E84123D1E3704DF00732CA5 /* Item+CoreDataClass.swift */; };
		5E8412461E3704DF00732CA5 /* Item+CoreDataProperties.swift in Sources */ = {isa = PBXBuildFile; fileRef = 5E84123E1E3704DF00732CA5 /* Item+CoreDataProperties.swift */; };
		5E8412471E3704DF00732CA5 /* Store+CoreDataClass.swift in Sources */ = {isa = PBXBuildFile; fileRef = 5E84123F1E3704DF00732CA5 /* Store+CoreDataClass.swift */; };
		5E8412481E3704DF00732CA5 /* Store+CoreDataProperties.swift in Sources */ = {isa = PBXBuildFile; fileRef = 5E8412401E3704DF00732CA5 /* Store+CoreDataProperties.swift */; };
		5E84124F1E37B4E800732CA5 /* MaterialView.swift in Sources */ = {isa = PBXBuildFile; fileRef = 5E84124E1E37B4E800732CA5 /* MaterialView.swift */; };
		5ED46D3C1E3ACC7200FDF420 /* ItemCell.swift in Sources */ = {isa = PBXBuildFile; fileRef = 5ED46D3B1E3ACC7200FDF420 /* ItemCell.swift */; };
		5ED46D3F1E3D1F8F00FDF420 /* ItemDetailsVC.swift in Sources */ = {isa = PBXBuildFile; fileRef = 5ED46D3E1E3D1F8F00FDF420 /* ItemDetailsVC.swift */; };
		5ED46D411E3D233E00FDF420 /* CustomTextField.swift in Sources */ = {isa = PBXBuildFile; fileRef = 5ED46D401E3D233E00FDF420 /* CustomTextField.swift */; };
/* End PBXBuildFile section */

/* Begin PBXFileReference section */
		5E8412211E36FF3100732CA5 /* DreamLister.app */ = {isa = PBXFileReference; explicitFileType = wrapper.application; includeInIndex = 0; path = DreamLister.app; sourceTree = BUILT_PRODUCTS_DIR; };
		5E8412241E36FF3100732CA5 /* AppDelegate.swift */ = {isa = PBXFileReference; lastKnownFileType = sourcecode.swift; path = AppDelegate.swift; sourceTree = "<group>"; };
		5E8412261E36FF3100732CA5 /* MainVC.swift */ = {isa = PBXFileReference; lastKnownFileType = sourcecode.swift; path = MainVC.swift; sourceTree = "<group>"; };
		5E8412291E36FF3100732CA5 /* Base */ = {isa = PBXFileReference; lastKnownFileType = file.storyboard; name = Base; path = Base.lproj/Main.storyboard; sourceTree = "<group>"; };
		5E84122C1E36FF3100732CA5 /* DreamLister.xcdatamodel */ = {isa = PBXFileReference; lastKnownFileType = wrapper.xcdatamodel; path = DreamLister.xcdatamodel; sourceTree = "<group>"; };
		5E84122E1E36FF3100732CA5 /* Assets.xcassets */ = {isa = PBXFileReference; lastKnownFileType = folder.assetcatalog; path = Assets.xcassets; sourceTree = "<group>"; };
		5E8412311E36FF3100732CA5 /* Base */ = {isa = PBXFileReference; lastKnownFileType = file.storyboard; name = Base; path = Base.lproj/LaunchScreen.storyboard; sourceTree = "<group>"; };
		5E8412331E36FF3100732CA5 /* Info.plist */ = {isa = PBXFileReference; lastKnownFileType = text.plist.xml; path = Info.plist; sourceTree = "<group>"; };
		5E8412391E3704DF00732CA5 /* Image+CoreDataClass.swift */ = {isa = PBXFileReference; fileEncoding = 4; lastKnownFileType = sourcecode.swift; path = "Image+CoreDataClass.swift"; sourceTree = "<group>"; };
		5E84123A1E3704DF00732CA5 /* Image+CoreDataProperties.swift */ = {isa = PBXFileReference; fileEncoding = 4; lastKnownFileType = sourcecode.swift; path = "Image+CoreDataProperties.swift"; sourceTree = "<group>"; };
		5E84123B1E3704DF00732CA5 /* ItemType+CoreDataClass.swift */ = {isa = PBXFileReference; fileEncoding = 4; lastKnownFileType = sourcecode.swift; path = "ItemType+CoreDataClass.swift"; sourceTree = "<group>"; };
		5E84123C1E3704DF00732CA5 /* ItemType+CoreDataProperties.swift */ = {isa = PBXFileReference; fileEncoding = 4; lastKnownFileType = sourcecode.swift; path = "ItemType+CoreDataProperties.swift"; sourceTree = "<group>"; };
		5E84123D1E3704DF00732CA5 /* Item+CoreDataClass.swift */ = {isa = PBXFileReference; fileEncoding = 4; lastKnownFileType = sourcecode.swift; path = "Item+CoreDataClass.swift"; sourceTree = "<group>"; };
		5E84123E1E3704DF00732CA5 /* Item+CoreDataProperties.swift */ = {isa = PBXFileReference; fileEncoding = 4; lastKnownFileType = sourcecode.swift; path = "Item+CoreDataProperties.swift"; sourceTree = "<group>"; };
		5E84123F1E3704DF00732CA5 /* Store+CoreDataClass.swift */ = {isa = PBXFileReference; fileEncoding = 4; lastKnownFileType = sourcecode.swift; path = "Store+CoreDataClass.swift"; sourceTree = "<group>"; };
		5E8412401E3704DF00732CA5 /* Store+CoreDataProperties.swift */ = {isa = PBXFileReference; fileEncoding = 4; lastKnownFileType = sourcecode.swift; path = "Store+CoreDataProperties.swift"; sourceTree = "<group>"; };
		5E84124E1E37B4E800732CA5 /* MaterialView.swift */ = {isa = PBXFileReference; fileEncoding = 4; lastKnownFileType = sourcecode.swift; path = MaterialView.swift; sourceTree = "<group>"; };
		5ED46D3B1E3ACC7200FDF420 /* ItemCell.swift */ = {isa = PBXFileReference; fileEncoding = 4; lastKnownFileType = sourcecode.swift; path = ItemCell.swift; sourceTree = "<group>"; };
		5ED46D3E1E3D1F8F00FDF420 /* ItemDetailsVC.swift */ = {isa = PBXFileReference; fileEncoding = 4; lastKnownFileType = sourcecode.swift; path = ItemDetailsVC.swift; sourceTree = "<group>"; };
		5ED46D401E3D233E00FDF420 /* CustomTextField.swift */ = {isa = PBXFileReference; fileEncoding = 4; lastKnownFileType = sourcecode.swift; path = CustomTextField.swift; sourceTree = "<group>"; };
/* End PBXFileReference section */

/* Begin PBXFrameworksBuildPhase section */
		5E84121E1E36FF3100732CA5 /* Frameworks */ = {
			isa = PBXFrameworksBuildPhase;
			buildActionMask = 2147483647;
			files = (
			);
			runOnlyForDeploymentPostprocessing = 0;
		};
/* End PBXFrameworksBuildPhase section */

/* Begin PBXGroup section */
		5E8412181E36FF3100732CA5 = {
			isa = PBXGroup;
			children = (
				5E8412231E36FF3100732CA5 /* DreamLister */,
				5E8412221E36FF3100732CA5 /* Products */,
			);
			sourceTree = "<group>";
		};
		5E8412221E36FF3100732CA5 /* Products */ = {
			isa = PBXGroup;
			children = (
				5E8412211E36FF3100732CA5 /* DreamLister.app */,
			);
			name = Products;
			sourceTree = "<group>";
		};
		5E8412231E36FF3100732CA5 /* DreamLister */ = {
			isa = PBXGroup;
			children = (
				5E84124D1E37B4C900732CA5 /* View */,
				5E8412491E3704E700732CA5 /* Model */,
				5ED46D3D1E3D1F5E00FDF420 /* Controller */,
				5E8412241E36FF3100732CA5 /* AppDelegate.swift */,
				5E8412281E36FF3100732CA5 /* Main.storyboard */,
				5E84122E1E36FF3100732CA5 /* Assets.xcassets */,
				5E8412301E36FF3100732CA5 /* LaunchScreen.storyboard */,
				5E8412331E36FF3100732CA5 /* Info.plist */,
				5E84122B1E36FF3100732CA5 /* DreamLister.xcdatamodeld */,
			);
			path = DreamLister;
			sourceTree = "<group>";
		};
		5E8412491E3704E700732CA5 /* Model */ = {
			isa = PBXGroup;
			children = (
				5E8412391E3704DF00732CA5 /* Image+CoreDataClass.swift */,
				5E84123B1E3704DF00732CA5 /* ItemType+CoreDataClass.swift */,
				5E84123D1E3704DF00732CA5 /* Item+CoreDataClass.swift */,
				5E84123F1E3704DF00732CA5 /* Store+CoreDataClass.swift */,
				5E84124A1E3704EC00732CA5 /* Generated */,
			);
			name = Model;
			sourceTree = "<group>";
		};
		5E84124A1E3704EC00732CA5 /* Generated */ = {
			isa = PBXGroup;
			children = (
				5E84123A1E3704DF00732CA5 /* Image+CoreDataProperties.swift */,
				5E84123C1E3704DF00732CA5 /* ItemType+CoreDataProperties.swift */,
				5E84123E1E3704DF00732CA5 /* Item+CoreDataProperties.swift */,
				5E8412401E3704DF00732CA5 /* Store+CoreDataProperties.swift */,
			);
			name = Generated;
			sourceTree = "<group>";
		};
		5E84124D1E37B4C900732CA5 /* View */ = {
			isa = PBXGroup;
			children = (
				5E84124E1E37B4E800732CA5 /* MaterialView.swift */,
				5ED46D3B1E3ACC7200FDF420 /* ItemCell.swift */,
				5ED46D401E3D233E00FDF420 /* CustomTextField.swift */,
			);
			name = View;
			sourceTree = "<group>";
		};
		5ED46D3D1E3D1F5E00FDF420 /* Controller */ = {
			isa = PBXGroup;
			children = (
				5E8412261E36FF3100732CA5 /* MainVC.swift */,
				5ED46D3E1E3D1F8F00FDF420 /* ItemDetailsVC.swift */,
			);
			name = Controller;
			sourceTree = "<group>";
		};
/* End PBXGroup section */

/* Begin PBXNativeTarget section */
		5E8412201E36FF3100732CA5 /* DreamLister */ = {
			isa = PBXNativeTarget;
			buildConfigurationList = 5E8412361E36FF3100732CA5 /* Build configuration list for PBXNativeTarget "DreamLister" */;
			buildPhases = (
				5E84121D1E36FF3100732CA5 /* Sources */,
				5E84121E1E36FF3100732CA5 /* Frameworks */,
				5E84121F1E36FF3100732CA5 /* Resources */,
			);
			buildRules = (
			);
			dependencies = (
			);
			name = DreamLister;
			productName = DreamLister;
			productReference = 5E8412211E36FF3100732CA5 /* DreamLister.app */;
			productType = "com.apple.product-type.application";
		};
/* End PBXNativeTarget section */

/* Begin PBXProject section */
		5E8412191E36FF3100732CA5 /* Project object */ = {
			isa = PBXProject;
			attributes = {
				LastSwiftUpdateCheck = 0800;
				LastUpgradeCheck = 0800;
				ORGANIZATIONNAME = "Forrest Knight";
				TargetAttributes = {
					5E8412201E36FF3100732CA5 = {
						CreatedOnToolsVersion = 8.0;
						DevelopmentTeam = RPX5FXH8WZ;
						ProvisioningStyle = Automatic;
					};
				};
			};
			buildConfigurationList = 5E84121C1E36FF3100732CA5 /* Build configuration list for PBXProject "DreamLister" */;
			compatibilityVersion = "Xcode 3.2";
			developmentRegion = English;
			hasScannedForEncodings = 0;
			knownRegions = (
				en,
				Base,
			);
			mainGroup = 5E8412181E36FF3100732CA5;
			productRefGroup = 5E8412221E36FF3100732CA5 /* Products */;
			projectDirPath = "";
			projectRoot = "";
			targets = (
				5E8412201E36FF3100732CA5 /* DreamLister */,
			);
		};
/* End PBXProject section */

/* Begin PBXResourcesBuildPhase section */
		5E84121F1E36FF3100732CA5 /* Resources */ = {
			isa = PBXResourcesBuildPhase;
			buildActionMask = 2147483647;
			files = (
				5E8412321E36FF3100732CA5 /* LaunchScreen.storyboard in Resources */,
				5E84122F1E36FF3100732CA5 /* Assets.xcassets in Resources */,
				5E84122A1E36FF3100732CA5 /* Main.storyboard in Resources */,
			);
			runOnlyForDeploymentPostprocessing = 0;
		};
/* End PBXResourcesBuildPhase section */

/* Begin PBXSourcesBuildPhase section */
		5E84121D1E36FF3100732CA5 /* Sources */ = {
			isa = PBXSourcesBuildPhase;
			buildActionMask = 2147483647;
			files = (
				5ED46D3C1E3ACC7200FDF420 /* ItemCell.swift in Sources */,
				5E8412431E3704DF00732CA5 /* ItemType+CoreDataClass.swift in Sources */,
				5E8412271E36FF3100732CA5 /* MainVC.swift in Sources */,
				5E8412421E3704DF00732CA5 /* Image+CoreDataProperties.swift in Sources */,
				5E84124F1E37B4E800732CA5 /* MaterialView.swift in Sources */,
				5E8412251E36FF3100732CA5 /* AppDelegate.swift in Sources */,
				5E8412481E3704DF00732CA5 /* Store+CoreDataProperties.swift in Sources */,
				5E84122D1E36FF3100732CA5 /* DreamLister.xcdatamodeld in Sources */,
				5ED46D3F1E3D1F8F00FDF420 /* ItemDetailsVC.swift in Sources */,
				5E8412441E3704DF00732CA5 /* ItemType+CoreDataProperties.swift in Sources */,
				5E8412461E3704DF00732CA5 /* Item+CoreDataProperties.swift in Sources */,
				5E8412471E3704DF00732CA5 /* Store+CoreDataClass.swift in Sources */,
				5E8412451E3704DF00732CA5 /* Item+CoreDataClass.swift in Sources */,
				5E8412411E3704DF00732CA5 /* Image+CoreDataClass.swift in Sources */,
				5ED46D411E3D233E00FDF420 /* CustomTextField.swift in Sources */,
			);
			runOnlyForDeploymentPostprocessing = 0;
		};
/* End PBXSourcesBuildPhase section */

/* Begin PBXVariantGroup section */
		5E8412281E36FF3100732CA5 /* Main.storyboard */ = {
			isa = PBXVariantGroup;
			children = (
				5E8412291E36FF3100732CA5 /* Base */,
			);
			name = Main.storyboard;
			sourceTree = "<group>";
		};
		5E8412301E36FF3100732CA5 /* LaunchScreen.storyboard */ = {
			isa = PBXVariantGroup;
			children = (
				5E8412311E36FF3100732CA5 /* Base */,
			);
			name = LaunchScreen.storyboard;
			sourceTree = "<group>";
		};
/* End PBXVariantGroup section */

/* Begin XCBuildConfiguration section */
		5E8412341E36FF3100732CA5 /* Debug */ = {
			isa = XCBuildConfiguration;
			buildSettings = {
				ALWAYS_SEARCH_USER_PATHS = NO;
				CLANG_ANALYZER_NONNULL = YES;
				CLANG_CXX_LANGUAGE_STANDARD = "gnu++0x";
				CLANG_CXX_LIBRARY = "libc++";
				CLANG_ENABLE_MODULES = YES;
				CLANG_ENABLE_OBJC_ARC = YES;
				CLANG_WARN_BOOL_CONVERSION = YES;
				CLANG_WARN_CONSTANT_CONVERSION = YES;
				CLANG_WARN_DIRECT_OBJC_ISA_USAGE = YES_ERROR;
				CLANG_WARN_DOCUMENTATION_COMMENTS = YES;
				CLANG_WARN_EMPTY_BODY = YES;
				CLANG_WARN_ENUM_CONVERSION = YES;
				CLANG_WARN_INFINITE_RECURSION = YES;
				CLANG_WARN_INT_CONVERSION = YES;
				CLANG_WARN_OBJC_ROOT_CLASS = YES_ERROR;
				CLANG_WARN_SUSPICIOUS_MOVES = YES;
				CLANG_WARN_UNREACHABLE_CODE = YES;
				CLANG_WARN__DUPLICATE_METHOD_MATCH = YES;
				"CODE_SIGN_IDENTITY[sdk=iphoneos*]" = "iPhone Developer";
				COPY_PHASE_STRIP = NO;
				DEBUG_INFORMATION_FORMAT = dwarf;
				ENABLE_STRICT_OBJC_MSGSEND = YES;
				ENABLE_TESTABILITY = YES;
				GCC_C_LANGUAGE_STANDARD = gnu99;
				GCC_DYNAMIC_NO_PIC = NO;
				GCC_NO_COMMON_BLOCKS = YES;
				GCC_OPTIMIZATION_LEVEL = 0;
				GCC_PREPROCESSOR_DEFINITIONS = (
					"DEBUG=1",
					"$(inherited)",
				);
				GCC_WARN_64_TO_32_BIT_CONVERSION = YES;
				GCC_WARN_ABOUT_RETURN_TYPE = YES_ERROR;
				GCC_WARN_UNDECLARED_SELECTOR = YES;
				GCC_WARN_UNINITIALIZED_AUTOS = YES_AGGRESSIVE;
				GCC_WARN_UNUSED_FUNCTION = YES;
				GCC_WARN_UNUSED_VARIABLE = YES;
				IPHONEOS_DEPLOYMENT_TARGET = 10.0;
				MTL_ENABLE_DEBUG_INFO = YES;
				ONLY_ACTIVE_ARCH = YES;
				SDKROOT = iphoneos;
				SWIFT_ACTIVE_COMPILATION_CONDITIONS = DEBUG;
				SWIFT_OPTIMIZATION_LEVEL = "-Onone";
				TARGETED_DEVICE_FAMILY = "1,2";
			};
			name = Debug;
		};
		5E8412351E36FF3100732CA5 /* Release */ = {
			isa = XCBuildConfiguration;
			buildSettings = {
				ALWAYS_SEARCH_USER_PATHS = NO;
				CLANG_ANALYZER_NONNULL = YES;
				CLANG_CXX_LANGUAGE_STANDARD = "gnu++0x";
				CLANG_CXX_LIBRARY = "libc++";
				CLANG_ENABLE_MODULES = YES;
				CLANG_ENABLE_OBJC_ARC = YES;
				CLANG_WARN_BOOL_CONVERSION = YES;
				CLANG_WARN_CONSTANT_CONVERSION = YES;
				CLANG_WARN_DIRECT_OBJC_ISA_USAGE = YES_ERROR;
				CLANG_WARN_DOCUMENTATION_COMMENTS = YES;
				CLANG_WARN_EMPTY_BODY = YES;
				CLANG_WARN_ENUM_CONVERSION = YES;
				CLANG_WARN_INFINITE_RECURSION = YES;
				CLANG_WARN_INT_CONVERSION = YES;
				CLANG_WARN_OBJC_ROOT_CLASS = YES_ERROR;
				CLANG_WARN_SUSPICIOUS_MOVES = YES;
				CLANG_WARN_UNREACHABLE_CODE = YES;
				CLANG_WARN__DUPLICATE_METHOD_MATCH = YES;
				"CODE_SIGN_IDENTITY[sdk=iphoneos*]" = "iPhone Developer";
				COPY_PHASE_STRIP = NO;
				DEBUG_INFORMATION_FORMAT = "dwarf-with-dsym";
				ENABLE_NS_ASSERTIONS = NO;
				ENABLE_STRICT_OBJC_MSGSEND = YES;
				GCC_C_LANGUAGE_STANDARD = gnu99;
				GCC_NO_COMMON_BLOCKS = YES;
				GCC_WARN_64_TO_32_BIT_CONVERSION = YES;
				GCC_WARN_ABOUT_RETURN_TYPE = YES_ERROR;
				GCC_WARN_UNDECLARED_SELECTOR = YES;
				GCC_WARN_UNINITIALIZED_AUTOS = YES_AGGRESSIVE;
				GCC_WARN_UNUSED_FUNCTION = YES;
				GCC_WARN_UNUSED_VARIABLE = YES;
				IPHONEOS_DEPLOYMENT_TARGET = 10.0;
				MTL_ENABLE_DEBUG_INFO = NO;
				SDKROOT = iphoneos;
				SWIFT_OPTIMIZATION_LEVEL = "-Owholemodule";
				TARGETED_DEVICE_FAMILY = "1,2";
				VALIDATE_PRODUCT = YES;
			};
			name = Release;
		};
		5E8412371E36FF3100732CA5 /* Debug */ = {
			isa = XCBuildConfiguration;
			buildSettings = {
				ASSETCATALOG_COMPILER_APPICON_NAME = AppIcon;
				DEVELOPMENT_TEAM = RPX5FXH8WZ;
				INFOPLIST_FILE = DreamLister/Info.plist;
				LD_RUNPATH_SEARCH_PATHS = "$(inherited) @executable_path/Frameworks";
				PRODUCT_BUNDLE_IDENTIFIER = com.ForrestKnight.DreamLister;
				PRODUCT_NAME = "$(TARGET_NAME)";
				SWIFT_VERSION = 3.0;
			};
			name = Debug;
		};
		5E8412381E36FF3100732CA5 /* Release */ = {
			isa = XCBuildConfiguration;
			buildSettings = {
				ASSETCATALOG_COMPILER_APPICON_NAME = AppIcon;
				DEVELOPMENT_TEAM = RPX5FXH8WZ;
				INFOPLIST_FILE = DreamLister/Info.plist;
				LD_RUNPATH_SEARCH_PATHS = "$(inherited) @executable_path/Frameworks";
				PRODUCT_BUNDLE_IDENTIFIER = com.ForrestKnight.DreamLister;
				PRODUCT_NAME = "$(TARGET_NAME)";
				SWIFT_VERSION = 3.0;
			};
			name = Release;
		};
/* End XCBuildConfiguration section */

/* Begin XCConfigurationList section */
		5E84121C1E36FF3100732CA5 /* Build configuration list for PBXProject "DreamLister" */ = {
			isa = XCConfigurationList;
			buildConfigurations = (
				5E8412341E36FF3100732CA5 /* Debug */,
				5E8412351E36FF3100732CA5 /* Release */,
			);
			defaultConfigurationIsVisible = 0;
			defaultConfigurationName = Release;
		};
		5E8412361E36FF3100732CA5 /* Build configuration list for PBXNativeTarget "DreamLister" */ = {
			isa = XCConfigurationList;
			buildConfigurations = (
				5E8412371E36FF3100732CA5 /* Debug */,
				5E8412381E36FF3100732CA5 /* Release */,
			);
			defaultConfigurationIsVisible = 0;
			defaultConfigurationName = Release;
		};
/* End XCConfigurationList section */

/* Begin XCVersionGroup section */
		5E84122B1E36FF3100732CA5 /* DreamLister.xcdatamodeld */ = {
			isa = XCVersionGroup;
			children = (
				5E84122C1E36FF3100732CA5 /* DreamLister.xcdatamodel */,
			);
			currentVersion = 5E84122C1E36FF3100732CA5 /* DreamLister.xcdatamodel */;
			path = DreamLister.xcdatamodeld;
			sourceTree = "<group>";
			versionGroupType = wrapper.xcdatamodel;
		};
/* End XCVersionGroup section */
	};
	rootObject = 5E8412191E36FF3100732CA5 /* Project object */;
}
